// !$*UTF8*$!
{
	archiveVersion = 1;
	classes = {
	};
	objectVersion = 46;
	objects = {

/* Begin PBXBuildFile section */
		7AD78ED41EADBBA500D6C2CC /* AppDelegate.swift in Sources */ = {isa = PBXBuildFile; fileRef = 7AD78ED31EADBBA500D6C2CC /* AppDelegate.swift */; };
		7AD78ED61EADBBA500D6C2CC /* ViewController.swift in Sources */ = {isa = PBXBuildFile; fileRef = 7AD78ED51EADBBA500D6C2CC /* ViewController.swift */; };
		7AD78ED91EADBBA500D6C2CC /* Main.storyboard in Resources */ = {isa = PBXBuildFile; fileRef = 7AD78ED71EADBBA500D6C2CC /* Main.storyboard */; };
		7AD78EDB1EADBBA500D6C2CC /* Assets.xcassets in Resources */ = {isa = PBXBuildFile; fileRef = 7AD78EDA1EADBBA500D6C2CC /* Assets.xcassets */; };
		7AD78EDE1EADBBA500D6C2CC /* LaunchScreen.storyboard in Resources */ = {isa = PBXBuildFile; fileRef = 7AD78EDC1EADBBA500D6C2CC /* LaunchScreen.storyboard */; };
		7AD78EE91EADBBA500D6C2CC /* Jam_ClanTests.swift in Sources */ = {isa = PBXBuildFile; fileRef = 7AD78EE81EADBBA500D6C2CC /* Jam_ClanTests.swift */; };
		7AD78EF41EADBBA500D6C2CC /* Jam_ClanUITests.swift in Sources */ = {isa = PBXBuildFile; fileRef = 7AD78EF31EADBBA500D6C2CC /* Jam_ClanUITests.swift */; };
/* End PBXBuildFile section */

/* Begin PBXContainerItemProxy section */
		7AD78EE51EADBBA500D6C2CC /* PBXContainerItemProxy */ = {
			isa = PBXContainerItemProxy;
			containerPortal = 7AD78EC81EADBBA500D6C2CC /* Project object */;
			proxyType = 1;
			remoteGlobalIDString = 7AD78ECF1EADBBA500D6C2CC;
			remoteInfo = "Jam Clan";
		};
		7AD78EF01EADBBA500D6C2CC /* PBXContainerItemProxy */ = {
			isa = PBXContainerItemProxy;
			containerPortal = 7AD78EC81EADBBA500D6C2CC /* Project object */;
			proxyType = 1;
			remoteGlobalIDString = 7AD78ECF1EADBBA500D6C2CC;
			remoteInfo = "Jam Clan";
		};
/* End PBXContainerItemProxy section */

/* Begin PBXFileReference section */
		7AD78ED01EADBBA500D6C2CC /* Jam Clan.app */ = {isa = PBXFileReference; explicitFileType = wrapper.application; includeInIndex = 0; path = "Jam Clan.app"; sourceTree = BUILT_PRODUCTS_DIR; };
		7AD78ED31EADBBA500D6C2CC /* AppDelegate.swift */ = {isa = PBXFileReference; lastKnownFileType = sourcecode.swift; path = AppDelegate.swift; sourceTree = "<group>"; };
		7AD78ED51EADBBA500D6C2CC /* ViewController.swift */ = {isa = PBXFileReference; lastKnownFileType = sourcecode.swift; path = ViewController.swift; sourceTree = "<group>"; };
		7AD78ED81EADBBA500D6C2CC /* Base */ = {isa = PBXFileReference; lastKnownFileType = file.storyboard; name = Base; path = Base.lproj/Main.storyboard; sourceTree = "<group>"; };
		7AD78EDA1EADBBA500D6C2CC /* Assets.xcassets */ = {isa = PBXFileReference; lastKnownFileType = folder.assetcatalog; path = Assets.xcassets; sourceTree = "<group>"; };
		7AD78EDD1EADBBA500D6C2CC /* Base */ = {isa = PBXFileReference; lastKnownFileType = file.storyboard; name = Base; path = Base.lproj/LaunchScreen.storyboard; sourceTree = "<group>"; };
		7AD78EDF1EADBBA500D6C2CC /* Info.plist */ = {isa = PBXFileReference; lastKnownFileType = text.plist.xml; path = Info.plist; sourceTree = "<group>"; };
		7AD78EE41EADBBA500D6C2CC /* Jam ClanTests.xctest */ = {isa = PBXFileReference; explicitFileType = wrapper.cfbundle; includeInIndex = 0; path = "Jam ClanTests.xctest"; sourceTree = BUILT_PRODUCTS_DIR; };
		7AD78EE81EADBBA500D6C2CC /* Jam_ClanTests.swift */ = {isa = PBXFileReference; lastKnownFileType = sourcecode.swift; path = Jam_ClanTests.swift; sourceTree = "<group>"; };
		7AD78EEA1EADBBA500D6C2CC /* Info.plist */ = {isa = PBXFileReference; lastKnownFileType = text.plist.xml; path = Info.plist; sourceTree = "<group>"; };
		7AD78EEF1EADBBA500D6C2CC /* Jam ClanUITests.xctest */ = {isa = PBXFileReference; explicitFileType = wrapper.cfbundle; includeInIndex = 0; path = "Jam ClanUITests.xctest"; sourceTree = BUILT_PRODUCTS_DIR; };
		7AD78EF31EADBBA500D6C2CC /* Jam_ClanUITests.swift */ = {isa = PBXFileReference; lastKnownFileType = sourcecode.swift; path = Jam_ClanUITests.swift; sourceTree = "<group>"; };
		7AD78EF51EADBBA500D6C2CC /* Info.plist */ = {isa = PBXFileReference; lastKnownFileType = text.plist.xml; path = Info.plist; sourceTree = "<group>"; };
/* End PBXFileReference section */

/* Begin PBXFrameworksBuildPhase section */
		7AD78ECD1EADBBA500D6C2CC /* Frameworks */ = {
			isa = PBXFrameworksBuildPhase;
			buildActionMask = 2147483647;
			files = (
			);
			runOnlyForDeploymentPostprocessing = 0;
		};
		7AD78EE11EADBBA500D6C2CC /* Frameworks */ = {
			isa = PBXFrameworksBuildPhase;
			buildActionMask = 2147483647;
			files = (
			);
			runOnlyForDeploymentPostprocessing = 0;
		};
		7AD78EEC1EADBBA500D6C2CC /* Frameworks */ = {
			isa = PBXFrameworksBuildPhase;
			buildActionMask = 2147483647;
			files = (
			);
			runOnlyForDeploymentPostprocessing = 0;
		};
/* End PBXFrameworksBuildPhase section */

/* Begin PBXGroup section */
		7AD78EC71EADBBA500D6C2CC = {
			isa = PBXGroup;
			children = (
				7AD78ED21EADBBA500D6C2CC /* Jam Clan */,
				7AD78EE71EADBBA500D6C2CC /* Jam ClanTests */,
				7AD78EF21EADBBA500D6C2CC /* Jam ClanUITests */,
				7AD78ED11EADBBA500D6C2CC /* Products */,
			);
			sourceTree = "<group>";
		};
		7AD78ED11EADBBA500D6C2CC /* Products */ = {
			isa = PBXGroup;
			children = (
				7AD78ED01EADBBA500D6C2CC /* Jam Clan.app */,
				7AD78EE41EADBBA500D6C2CC /* Jam ClanTests.xctest */,
				7AD78EEF1EADBBA500D6C2CC /* Jam ClanUITests.xctest */,
			);
			name = Products;
			sourceTree = "<group>";
		};
		7AD78ED21EADBBA500D6C2CC /* Jam Clan */ = {
			isa = PBXGroup;
			children = (
				7AD78ED31EADBBA500D6C2CC /* AppDelegate.swift */,
				7AD78ED51EADBBA500D6C2CC /* ViewController.swift */,
				7AD78ED71EADBBA500D6C2CC /* Main.storyboard */,
				7AD78EDA1EADBBA500D6C2CC /* Assets.xcassets */,
				7AD78EDC1EADBBA500D6C2CC /* LaunchScreen.storyboard */,
				7AD78EDF1EADBBA500D6C2CC /* Info.plist */,
			);
			path = "Jam Clan";
			sourceTree = "<group>";
		};
		7AD78EE71EADBBA500D6C2CC /* Jam ClanTests */ = {
			isa = PBXGroup;
			children = (
				7AD78EE81EADBBA500D6C2CC /* Jam_ClanTests.swift */,
				7AD78EEA1EADBBA500D6C2CC /* Info.plist */,
			);
			path = "Jam ClanTests";
			sourceTree = "<group>";
		};
		7AD78EF21EADBBA500D6C2CC /* Jam ClanUITests */ = {
			isa = PBXGroup;
			children = (
				7AD78EF31EADBBA500D6C2CC /* Jam_ClanUITests.swift */,
				7AD78EF51EADBBA500D6C2CC /* Info.plist */,
			);
			path = "Jam ClanUITests";
			sourceTree = "<group>";
		};
/* End PBXGroup section */

/* Begin PBXNativeTarget section */
		7AD78ECF1EADBBA500D6C2CC /* Jam Clan */ = {
			isa = PBXNativeTarget;
			buildConfigurationList = 7AD78EF81EADBBA500D6C2CC /* Build configuration list for PBXNativeTarget "Jam Clan" */;
			buildPhases = (
				7AD78ECC1EADBBA500D6C2CC /* Sources */,
				7AD78ECD1EADBBA500D6C2CC /* Frameworks */,
				7AD78ECE1EADBBA500D6C2CC /* Resources */,
			);
			buildRules = (
			);
			dependencies = (
			);
			name = "Jam Clan";
			productName = "Jam Clan";
			productReference = 7AD78ED01EADBBA500D6C2CC /* Jam Clan.app */;
			productType = "com.apple.product-type.application";
		};
		7AD78EE31EADBBA500D6C2CC /* Jam ClanTests */ = {
			isa = PBXNativeTarget;
			buildConfigurationList = 7AD78EFB1EADBBA500D6C2CC /* Build configuration list for PBXNativeTarget "Jam ClanTests" */;
			buildPhases = (
				7AD78EE01EADBBA500D6C2CC /* Sources */,
				7AD78EE11EADBBA500D6C2CC /* Frameworks */,
				7AD78EE21EADBBA500D6C2CC /* Resources */,
			);
			buildRules = (
			);
			dependencies = (
				7AD78EE61EADBBA500D6C2CC /* PBXTargetDependency */,
			);
			name = "Jam ClanTests";
			productName = "Jam ClanTests";
			productReference = 7AD78EE41EADBBA500D6C2CC /* Jam ClanTests.xctest */;
			productType = "com.apple.product-type.bundle.unit-test";
		};
		7AD78EEE1EADBBA500D6C2CC /* Jam ClanUITests */ = {
			isa = PBXNativeTarget;
			buildConfigurationList = 7AD78EFE1EADBBA500D6C2CC /* Build configuration list for PBXNativeTarget "Jam ClanUITests" */;
			buildPhases = (
				7AD78EEB1EADBBA500D6C2CC /* Sources */,
				7AD78EEC1EADBBA500D6C2CC /* Frameworks */,
				7AD78EED1EADBBA500D6C2CC /* Resources */,
			);
			buildRules = (
			);
			dependencies = (
				7AD78EF11EADBBA500D6C2CC /* PBXTargetDependency */,
			);
			name = "Jam ClanUITests";
			productName = "Jam ClanUITests";
			productReference = 7AD78EEF1EADBBA500D6C2CC /* Jam ClanUITests.xctest */;
			productType = "com.apple.product-type.bundle.ui-testing";
		};
/* End PBXNativeTarget section */

/* Begin PBXProject section */
		7AD78EC81EADBBA500D6C2CC /* Project object */ = {
			isa = PBXProject;
			attributes = {
				LastSwiftUpdateCheck = 0820;
				LastUpgradeCheck = 0820;
				ORGANIZATIONNAME = "Saurabh singh rathore";
				TargetAttributes = {
					7AD78ECF1EADBBA500D6C2CC = {
						CreatedOnToolsVersion = 8.2.1;
						DevelopmentTeam = TCLP9UQ25C;
						ProvisioningStyle = Automatic;
					};
					7AD78EE31EADBBA500D6C2CC = {
						CreatedOnToolsVersion = 8.2.1;
						DevelopmentTeam = TCLP9UQ25C;
						ProvisioningStyle = Automatic;
						TestTargetID = 7AD78ECF1EADBBA500D6C2CC;
					};
					7AD78EEE1EADBBA500D6C2CC = {
						CreatedOnToolsVersion = 8.2.1;
						DevelopmentTeam = TCLP9UQ25C;
						ProvisioningStyle = Automatic;
						TestTargetID = 7AD78ECF1EADBBA500D6C2CC;
					};
				};
			};
			buildConfigurationList = 7AD78ECB1EADBBA500D6C2CC /* Build configuration list for PBXProject "Jam Clan" */;
			compatibilityVersion = "Xcode 3.2";
			developmentRegion = English;
			hasScannedForEncodings = 0;
			knownRegions = (
				en,
				Base,
			);
			mainGroup = 7AD78EC71EADBBA500D6C2CC;
			productRefGroup = 7AD78ED11EADBBA500D6C2CC /* Products */;
			projectDirPath = "";
			projectRoot = "";
			targets = (
				7AD78ECF1EADBBA500D6C2CC /* Jam Clan */,
				7AD78EE31EADBBA500D6C2CC /* Jam ClanTests */,
				7AD78EEE1EADBBA500D6C2CC /* Jam ClanUITests */,
			);
		};
/* End PBXProject section */

/* Begin PBXResourcesBuildPhase section */
		7AD78ECE1EADBBA500D6C2CC /* Resources */ = {
			isa = PBXResourcesBuildPhase;
			buildActionMask = 2147483647;
			files = (
				7AD78EDE1EADBBA500D6C2CC /* LaunchScreen.storyboard in Resources */,
				7AD78EDB1EADBBA500D6C2CC /* Assets.xcassets in Resources */,
				7AD78ED91EADBBA500D6C2CC /* Main.storyboard in Resources */,
			);
			runOnlyForDeploymentPostprocessing = 0;
		};
		7AD78EE21EADBBA500D6C2CC /* Resources */ = {
			isa = PBXResourcesBuildPhase;
			buildActionMask = 2147483647;
			files = (
			);
			runOnlyForDeploymentPostprocessing = 0;
		};
		7AD78EED1EADBBA500D6C2CC /* Resources */ = {
			isa = PBXResourcesBuildPhase;
			buildActionMask = 2147483647;
			files = (
			);
			runOnlyForDeploymentPostprocessing = 0;
		};
/* End PBXResourcesBuildPhase section */

/* Begin PBXSourcesBuildPhase section */
		7AD78ECC1EADBBA500D6C2CC /* Sources */ = {
			isa = PBXSourcesBuildPhase;
			buildActionMask = 2147483647;
			files = (
				7AD78ED61EADBBA500D6C2CC /* ViewController.swift in Sources */,
				7AD78ED41EADBBA500D6C2CC /* AppDelegate.swift in Sources */,
			);
			runOnlyForDeploymentPostprocessing = 0;
		};
		7AD78EE01EADBBA500D6C2CC /* Sources */ = {
			isa = PBXSourcesBuildPhase;
			buildActionMask = 2147483647;
			files = (
				7AD78EE91EADBBA500D6C2CC /* Jam_ClanTests.swift in Sources */,
			);
			runOnlyForDeploymentPostprocessing = 0;
		};
		7AD78EEB1EADBBA500D6C2CC /* Sources */ = {
			isa = PBXSourcesBuildPhase;
			buildActionMask = 2147483647;
			files = (
				7AD78EF41EADBBA500D6C2CC /* Jam_ClanUITests.swift in Sources */,
			);
			runOnlyForDeploymentPostprocessing = 0;
		};
/* End PBXSourcesBuildPhase section */

/* Begin PBXTargetDependency section */
		7AD78EE61EADBBA500D6C2CC /* PBXTargetDependency */ = {
			isa = PBXTargetDependency;
			target = 7AD78ECF1EADBBA500D6C2CC /* Jam Clan */;
			targetProxy = 7AD78EE51EADBBA500D6C2CC /* PBXContainerItemProxy */;
		};
		7AD78EF11EADBBA500D6C2CC /* PBXTargetDependency */ = {
			isa = PBXTargetDependency;
			target = 7AD78ECF1EADBBA500D6C2CC /* Jam Clan */;
			targetProxy = 7AD78EF01EADBBA500D6C2CC /* PBXContainerItemProxy */;
		};
/* End PBXTargetDependency section */

/* Begin PBXVariantGroup section */
		7AD78ED71EADBBA500D6C2CC /* Main.storyboard */ = {
			isa = PBXVariantGroup;
			children = (
				7AD78ED81EADBBA500D6C2CC /* Base */,
			);
			name = Main.storyboard;
			sourceTree = "<group>";
		};
		7AD78EDC1EADBBA500D6C2CC /* LaunchScreen.storyboard */ = {
			isa = PBXVariantGroup;
			children = (
				7AD78EDD1EADBBA500D6C2CC /* Base */,
			);
			name = LaunchScreen.storyboard;
			sourceTree = "<group>";
		};
/* End PBXVariantGroup section */

/* Begin XCBuildConfiguration section */
		7AD78EF61EADBBA500D6C2CC /* Debug */ = {
			isa = XCBuildConfiguration;
			buildSettings = {
				ALWAYS_SEARCH_USER_PATHS = NO;
				CLANG_ANALYZER_NONNULL = YES;
				CLANG_CXX_LANGUAGE_STANDARD = "gnu++0x";
				CLANG_CXX_LIBRARY = "libc++";
				CLANG_ENABLE_MODULES = YES;
				CLANG_ENABLE_OBJC_ARC = YES;
				CLANG_WARN_BOOL_CONVERSION = YES;
				CLANG_WARN_CONSTANT_CONVERSION = YES;
				CLANG_WARN_DIRECT_OBJC_ISA_USAGE = YES_ERROR;
				CLANG_WARN_DOCUMENTATION_COMMENTS = YES;
				CLANG_WARN_EMPTY_BODY = YES;
				CLANG_WARN_ENUM_CONVERSION = YES;
				CLANG_WARN_INFINITE_RECURSION = YES;
				CLANG_WARN_INT_CONVERSION = YES;
				CLANG_WARN_OBJC_ROOT_CLASS = YES_ERROR;
				CLANG_WARN_SUSPICIOUS_MOVE = YES;
				CLANG_WARN_UNREACHABLE_CODE = YES;
				CLANG_WARN__DUPLICATE_METHOD_MATCH = YES;
				"CODE_SIGN_IDENTITY[sdk=iphoneos*]" = "iPhone Developer";
				COPY_PHASE_STRIP = NO;
				DEBUG_INFORMATION_FORMAT = dwarf;
				ENABLE_STRICT_OBJC_MSGSEND = YES;
				ENABLE_TESTABILITY = YES;
				GCC_C_LANGUAGE_STANDARD = gnu99;
				GCC_DYNAMIC_NO_PIC = NO;
				GCC_NO_COMMON_BLOCKS = YES;
				GCC_OPTIMIZATION_LEVEL = 0;
				GCC_PREPROCESSOR_DEFINITIONS = (
					"DEBUG=1",
					"$(inherited)",
				);
				GCC_WARN_64_TO_32_BIT_CONVERSION = YES;
				GCC_WARN_ABOUT_RETURN_TYPE = YES_ERROR;
				GCC_WARN_UNDECLARED_SELECTOR = YES;
				GCC_WARN_UNINITIALIZED_AUTOS = YES_AGGRESSIVE;
				GCC_WARN_UNUSED_FUNCTION = YES;
				GCC_WARN_UNUSED_VARIABLE = YES;
				IPHONEOS_DEPLOYMENT_TARGET = 10.2;
				MTL_ENABLE_DEBUG_INFO = YES;
				ONLY_ACTIVE_ARCH = YES;
				SDKROOT = iphoneos;
				SWIFT_ACTIVE_COMPILATION_CONDITIONS = DEBUG;
				SWIFT_OPTIMIZATION_LEVEL = "-Onone";
			};
			name = Debug;
		};
		7AD78EF71EADBBA500D6C2CC /* Release */ = {
			isa = XCBuildConfiguration;
			buildSettings = {
				ALWAYS_SEARCH_USER_PATHS = NO;
				CLANG_ANALYZER_NONNULL = YES;
				CLANG_CXX_LANGUAGE_STANDARD = "gnu++0x";
				CLANG_CXX_LIBRARY = "libc++";
				CLANG_ENABLE_MODULES = YES;
				CLANG_ENABLE_OBJC_ARC = YES;
				CLANG_WARN_BOOL_CONVERSION = YES;
				CLANG_WARN_CONSTANT_CONVERSION = YES;
				CLANG_WARN_DIRECT_OBJC_ISA_USAGE = YES_ERROR;
				CLANG_WARN_DOCUMENTATION_COMMENTS = YES;
				CLANG_WARN_EMPTY_BODY = YES;
				CLANG_WARN_ENUM_CONVERSION = YES;
				CLANG_WARN_INFINITE_RECURSION = YES;
				CLANG_WARN_INT_CONVERSION = YES;
				CLANG_WARN_OBJC_ROOT_CLASS = YES_ERROR;
				CLANG_WARN_SUSPICIOUS_MOVE = YES;
				CLANG_WARN_UNREACHABLE_CODE = YES;
				CLANG_WARN__DUPLICATE_METHOD_MATCH = YES;
				"CODE_SIGN_IDENTITY[sdk=iphoneos*]" = "iPhone Developer";
				COPY_PHASE_STRIP = NO;
				DEBUG_INFORMATION_FORMAT = "dwarf-with-dsym";
				ENABLE_NS_ASSERTIONS = NO;
				ENABLE_STRICT_OBJC_MSGSEND = YES;
				GCC_C_LANGUAGE_STANDARD = gnu99;
				GCC_NO_COMMON_BLOCKS = YES;
				GCC_WARN_64_TO_32_BIT_CONVERSION = YES;
				GCC_WARN_ABOUT_RETURN_TYPE = YES_ERROR;
				GCC_WARN_UNDECLARED_SELECTOR = YES;
				GCC_WARN_UNINITIALIZED_AUTOS = YES_AGGRESSIVE;
				GCC_WARN_UNUSED_FUNCTION = YES;
				GCC_WARN_UNUSED_VARIABLE = YES;
				IPHONEOS_DEPLOYMENT_TARGET = 10.2;
				MTL_ENABLE_DEBUG_INFO = NO;
				SDKROOT = iphoneos;
				SWIFT_OPTIMIZATION_LEVEL = "-Owholemodule";
				VALIDATE_PRODUCT = YES;
			};
			name = Release;
		};
		7AD78EF91EADBBA500D6C2CC /* Debug */ = {
			isa = XCBuildConfiguration;
			buildSettings = {
				ASSETCATALOG_COMPILER_APPICON_NAME = AppIcon;
				DEVELOPMENT_TEAM = TCLP9UQ25C;
				INFOPLIST_FILE = "Jam Clan/Info.plist";
				LD_RUNPATH_SEARCH_PATHS = "$(inherited) @executable_path/Frameworks";
				PRODUCT_BUNDLE_IDENTIFIER = "com.iOS.Jam-Clan";
				PRODUCT_NAME = "$(TARGET_NAME)";
				SWIFT_VERSION = 3.0;
			};
			name = Debug;
		};
		7AD78EFA1EADBBA500D6C2CC /* Release */ = {
			isa = XCBuildConfiguration;
			buildSettings = {
				ASSETCATALOG_COMPILER_APPICON_NAME = AppIcon;
				DEVELOPMENT_TEAM = TCLP9UQ25C;
				INFOPLIST_FILE = "Jam Clan/Info.plist";
				LD_RUNPATH_SEARCH_PATHS = "$(inherited) @executable_path/Frameworks";
				PRODUCT_BUNDLE_IDENTIFIER = "com.iOS.Jam-Clan";
				PRODUCT_NAME = "$(TARGET_NAME)";
				SWIFT_VERSION = 3.0;
			};
			name = Release;
		};
		7AD78EFC1EADBBA500D6C2CC /* Debug */ = {
			isa = XCBuildConfiguration;
			buildSettings = {
				ALWAYS_EMBED_SWIFT_STANDARD_LIBRARIES = YES;
				BUNDLE_LOADER = "$(TEST_HOST)";
				DEVELOPMENT_TEAM = TCLP9UQ25C;
				INFOPLIST_FILE = "Jam ClanTests/Info.plist";
				LD_RUNPATH_SEARCH_PATHS = "$(inherited) @executable_path/Frameworks @loader_path/Frameworks";
				PRODUCT_BUNDLE_IDENTIFIER = "com.iOS.Jam-ClanTests";
				PRODUCT_NAME = "$(TARGET_NAME)";
				SWIFT_VERSION = 3.0;
				TEST_HOST = "$(BUILT_PRODUCTS_DIR)/Jam Clan.app/Jam Clan";
			};
			name = Debug;
		};
		7AD78EFD1EADBBA500D6C2CC /* Release */ = {
			isa = XCBuildConfiguration;
			buildSettings = {
				ALWAYS_EMBED_SWIFT_STANDARD_LIBRARIES = YES;
				BUNDLE_LOADER = "$(TEST_HOST)";
				DEVELOPMENT_TEAM = TCLP9UQ25C;
				INFOPLIST_FILE = "Jam ClanTests/Info.plist";
				LD_RUNPATH_SEARCH_PATHS = "$(inherited) @executable_path/Frameworks @loader_path/Frameworks";
				PRODUCT_BUNDLE_IDENTIFIER = "com.iOS.Jam-ClanTests";
				PRODUCT_NAME = "$(TARGET_NAME)";
				SWIFT_VERSION = 3.0;
				TEST_HOST = "$(BUILT_PRODUCTS_DIR)/Jam Clan.app/Jam Clan";
			};
			name = Release;
		};
		7AD78EFF1EADBBA500D6C2CC /* Debug */ = {
			isa = XCBuildConfiguration;
			buildSettings = {
				ALWAYS_EMBED_SWIFT_STANDARD_LIBRARIES = YES;
				DEVELOPMENT_TEAM = TCLP9UQ25C;
				INFOPLIST_FILE = "Jam ClanUITests/Info.plist";
				LD_RUNPATH_SEARCH_PATHS = "$(inherited) @executable_path/Frameworks @loader_path/Frameworks";
				PRODUCT_BUNDLE_IDENTIFIER = "com.iOS.Jam-ClanUITests";
				PRODUCT_NAME = "$(TARGET_NAME)";
				SWIFT_VERSION = 3.0;
				TEST_TARGET_NAME = "Jam Clan";
			};
			name = Debug;
		};
		7AD78F001EADBBA500D6C2CC /* Release */ = {
			isa = XCBuildConfiguration;
			buildSettings = {
				ALWAYS_EMBED_SWIFT_STANDARD_LIBRARIES = YES;
				DEVELOPMENT_TEAM = TCLP9UQ25C;
				INFOPLIST_FILE = "Jam ClanUITests/Info.plist";
				LD_RUNPATH_SEARCH_PATHS = "$(inherited) @executable_path/Frameworks @loader_path/Frameworks";
				PRODUCT_BUNDLE_IDENTIFIER = "com.iOS.Jam-ClanUITests";
				PRODUCT_NAME = "$(TARGET_NAME)";
				SWIFT_VERSION = 3.0;
				TEST_TARGET_NAME = "Jam Clan";
			};
			name = Release;
		};
/* End XCBuildConfiguration section */

/* Begin XCConfigurationList section */
		7AD78ECB1EADBBA500D6C2CC /* Build configuration list for PBXProject "Jam Clan" */ = {
			isa = XCConfigurationList;
			buildConfigurations = (
				7AD78EF61EADBBA500D6C2CC /* Debug */,
				7AD78EF71EADBBA500D6C2CC /* Release */,
			);
			defaultConfigurationIsVisible = 0;
			defaultConfigurationName = Release;
		};
		7AD78EF81EADBBA500D6C2CC /* Build configuration list for PBXNativeTarget "Jam Clan" */ = {
			isa = XCConfigurationList;
			buildConfigurations = (
				7AD78EF91EADBBA500D6C2CC /* Debug */,
				7AD78EFA1EADBBA500D6C2CC /* Release */,
			);
			defaultConfigurationIsVisible = 0;
		};
		7AD78EFB1EADBBA500D6C2CC /* Build configuration list for PBXNativeTarget "Jam ClanTests" */ = {
			isa = XCConfigurationList;
			buildConfigurations = (
				7AD78EFC1EADBBA500D6C2CC /* Debug */,
				7AD78EFD1EADBBA500D6C2CC /* Release */,
			);
			defaultConfigurationIsVisible = 0;
		};
		7AD78EFE1EADBBA500D6C2CC /* Build configuration list for PBXNativeTarget "Jam ClanUITests" */ = {
			isa = XCConfigurationList;
			buildConfigurations = (
				7AD78EFF1EADBBA500D6C2CC /* Debug */,
				7AD78F001EADBBA500D6C2CC /* Release */,
			);
			defaultConfigurationIsVisible = 0;
		};
/* End XCConfigurationList section */
	};
	rootObject = 7AD78EC81EADBBA500D6C2CC /* Project object */;
}
